// !$*UTF8*$!
{
	archiveVersion = 1;
	classes = {
	};
	objectVersion = 50;
	objects = {

/* Begin PBXBuildFile section */
		83309E9320BFF5B90037B036 /* Printer.swift in Sources */ = {isa = PBXBuildFile; fileRef = 83309E9220BFF5B90037B036 /* Printer.swift */; };
		83309E9520C002D70037B036 /* CustomeTableCell.swift in Sources */ = {isa = PBXBuildFile; fileRef = 83309E9420C002D70037B036 /* CustomeTableCell.swift */; };
		8337517820C9572200E6C5D9 /* EventHandlerDelegate.swift in Sources */ = {isa = PBXBuildFile; fileRef = 8337517720C9572200E6C5D9 /* EventHandlerDelegate.swift */; };
		836CD36520BFF345000E61C8 /* AppDelegate.swift in Sources */ = {isa = PBXBuildFile; fileRef = 836CD36420BFF345000E61C8 /* AppDelegate.swift */; };
		836CD36720BFF345000E61C8 /* MasterViewController.swift in Sources */ = {isa = PBXBuildFile; fileRef = 836CD36620BFF345000E61C8 /* MasterViewController.swift */; };
		836CD36920BFF345000E61C8 /* DetailViewController.swift in Sources */ = {isa = PBXBuildFile; fileRef = 836CD36820BFF345000E61C8 /* DetailViewController.swift */; };
		836CD36C20BFF345000E61C8 /* Main.storyboard in Resources */ = {isa = PBXBuildFile; fileRef = 836CD36A20BFF345000E61C8 /* Main.storyboard */; };
		836CD36E20BFF346000E61C8 /* Assets.xcassets in Resources */ = {isa = PBXBuildFile; fileRef = 836CD36D20BFF346000E61C8 /* Assets.xcassets */; };
		836CD37120BFF346000E61C8 /* LaunchScreen.storyboard in Resources */ = {isa = PBXBuildFile; fileRef = 836CD36F20BFF346000E61C8 /* LaunchScreen.storyboard */; };
/* End PBXBuildFile section */

/* Begin PBXFileReference section */
		83309E9220BFF5B90037B036 /* Printer.swift */ = {isa = PBXFileReference; lastKnownFileType = sourcecode.swift; path = Printer.swift; sourceTree = "<group>"; };
		83309E9420C002D70037B036 /* CustomeTableCell.swift */ = {isa = PBXFileReference; lastKnownFileType = sourcecode.swift; path = CustomeTableCell.swift; sourceTree = "<group>"; };
		8337517720C9572200E6C5D9 /* EventHandlerDelegate.swift */ = {isa = PBXFileReference; lastKnownFileType = sourcecode.swift; path = EventHandlerDelegate.swift; sourceTree = "<group>"; };
		836CD36120BFF345000E61C8 /* OceApp.app */ = {isa = PBXFileReference; explicitFileType = wrapper.application; includeInIndex = 0; path = OceApp.app; sourceTree = BUILT_PRODUCTS_DIR; };
		836CD36420BFF345000E61C8 /* AppDelegate.swift */ = {isa = PBXFileReference; lastKnownFileType = sourcecode.swift; path = AppDelegate.swift; sourceTree = "<group>"; };
		836CD36620BFF345000E61C8 /* MasterViewController.swift */ = {isa = PBXFileReference; lastKnownFileType = sourcecode.swift; path = MasterViewController.swift; sourceTree = "<group>"; };
		836CD36820BFF345000E61C8 /* DetailViewController.swift */ = {isa = PBXFileReference; lastKnownFileType = sourcecode.swift; path = DetailViewController.swift; sourceTree = "<group>"; };
		836CD36B20BFF345000E61C8 /* Base */ = {isa = PBXFileReference; lastKnownFileType = file.storyboard; name = Base; path = Base.lproj/Main.storyboard; sourceTree = "<group>"; };
		836CD36D20BFF346000E61C8 /* Assets.xcassets */ = {isa = PBXFileReference; lastKnownFileType = folder.assetcatalog; path = Assets.xcassets; sourceTree = "<group>"; };
		836CD37020BFF346000E61C8 /* Base */ = {isa = PBXFileReference; lastKnownFileType = file.storyboard; name = Base; path = Base.lproj/LaunchScreen.storyboard; sourceTree = "<group>"; };
		836CD37220BFF346000E61C8 /* Info.plist */ = {isa = PBXFileReference; lastKnownFileType = text.plist.xml; path = Info.plist; sourceTree = "<group>"; };
/* End PBXFileReference section */

/* Begin PBXFrameworksBuildPhase section */
		836CD35E20BFF345000E61C8 /* Frameworks */ = {
			isa = PBXFrameworksBuildPhase;
			buildActionMask = 2147483647;
			files = (
			);
			runOnlyForDeploymentPostprocessing = 0;
		};
/* End PBXFrameworksBuildPhase section */

/* Begin PBXGroup section */
		836CD35820BFF345000E61C8 = {
			isa = PBXGroup;
			children = (
				836CD36320BFF345000E61C8 /* OceApp */,
				836CD36220BFF345000E61C8 /* Products */,
			);
			sourceTree = "<group>";
		};
		836CD36220BFF345000E61C8 /* Products */ = {
			isa = PBXGroup;
			children = (
				836CD36120BFF345000E61C8 /* OceApp.app */,
			);
			name = Products;
			sourceTree = "<group>";
		};
		836CD36320BFF345000E61C8 /* OceApp */ = {
			isa = PBXGroup;
			children = (
				836CD36420BFF345000E61C8 /* AppDelegate.swift */,
				83309E9220BFF5B90037B036 /* Printer.swift */,
				83309E9420C002D70037B036 /* CustomeTableCell.swift */,
				836CD36620BFF345000E61C8 /* MasterViewController.swift */,
				836CD36820BFF345000E61C8 /* DetailViewController.swift */,
				8337517720C9572200E6C5D9 /* EventHandlerDelegate.swift */,
				836CD36A20BFF345000E61C8 /* Main.storyboard */,
				836CD36D20BFF346000E61C8 /* Assets.xcassets */,
				836CD36F20BFF346000E61C8 /* LaunchScreen.storyboard */,
				836CD37220BFF346000E61C8 /* Info.plist */,
			);
			path = OceApp;
			sourceTree = "<group>";
		};
/* End PBXGroup section */

/* Begin PBXNativeTarget section */
		836CD36020BFF345000E61C8 /* OceApp */ = {
			isa = PBXNativeTarget;
			buildConfigurationList = 836CD37520BFF346000E61C8 /* Build configuration list for PBXNativeTarget "OceApp" */;
			buildPhases = (
				836CD35D20BFF345000E61C8 /* Sources */,
				836CD35E20BFF345000E61C8 /* Frameworks */,
				836CD35F20BFF345000E61C8 /* Resources */,
			);
			buildRules = (
			);
			dependencies = (
			);
			name = OceApp;
			productName = OceApp;
			productReference = 836CD36120BFF345000E61C8 /* OceApp.app */;
			productType = "com.apple.product-type.application";
		};
/* End PBXNativeTarget section */

/* Begin PBXProject section */
		836CD35920BFF345000E61C8 /* Project object */ = {
			isa = PBXProject;
			attributes = {
				LastSwiftUpdateCheck = 0930;
				LastUpgradeCheck = 0930;
				ORGANIZATIONNAME = "Fontys University";
				TargetAttributes = {
					836CD36020BFF345000E61C8 = {
						CreatedOnToolsVersion = 9.3.1;
					};
				};
			};
			buildConfigurationList = 836CD35C20BFF345000E61C8 /* Build configuration list for PBXProject "OceApp" */;
			compatibilityVersion = "Xcode 9.3";
			developmentRegion = en;
			hasScannedForEncodings = 0;
			knownRegions = (
				en,
				Base,
			);
			mainGroup = 836CD35820BFF345000E61C8;
			productRefGroup = 836CD36220BFF345000E61C8 /* Products */;
			projectDirPath = "";
			projectRoot = "";
			targets = (
				836CD36020BFF345000E61C8 /* OceApp */,
			);
		};
/* End PBXProject section */

/* Begin PBXResourcesBuildPhase section */
		836CD35F20BFF345000E61C8 /* Resources */ = {
			isa = PBXResourcesBuildPhase;
			buildActionMask = 2147483647;
			files = (
				836CD37120BFF346000E61C8 /* LaunchScreen.storyboard in Resources */,
				836CD36E20BFF346000E61C8 /* Assets.xcassets in Resources */,
				836CD36C20BFF345000E61C8 /* Main.storyboard in Resources */,
			);
			runOnlyForDeploymentPostprocessing = 0;
		};
/* End PBXResourcesBuildPhase section */

/* Begin PBXSourcesBuildPhase section */
		836CD35D20BFF345000E61C8 /* Sources */ = {
			isa = PBXSourcesBuildPhase;
			buildActionMask = 2147483647;
			files = (
				83309E9320BFF5B90037B036 /* Printer.swift in Sources */,
				8337517820C9572200E6C5D9 /* EventHandlerDelegate.swift in Sources */,
				83309E9520C002D70037B036 /* CustomeTableCell.swift in Sources */,
				836CD36920BFF345000E61C8 /* DetailViewController.swift in Sources */,
				836CD36720BFF345000E61C8 /* MasterViewController.swift in Sources */,
				836CD36520BFF345000E61C8 /* AppDelegate.swift in Sources */,
			);
			runOnlyForDeploymentPostprocessing = 0;
		};
/* End PBXSourcesBuildPhase section */

/* Begin PBXVariantGroup section */
		836CD36A20BFF345000E61C8 /* Main.storyboard */ = {
			isa = PBXVariantGroup;
			children = (
				836CD36B20BFF345000E61C8 /* Base */,
			);
			name = Main.storyboard;
			sourceTree = "<group>";
		};
		836CD36F20BFF346000E61C8 /* LaunchScreen.storyboard */ = {
			isa = PBXVariantGroup;
			children = (
				836CD37020BFF346000E61C8 /* Base */,
			);
			name = LaunchScreen.storyboard;
			sourceTree = "<group>";
		};
/* End PBXVariantGroup section */

/* Begin XCBuildConfiguration section */
		836CD37320BFF346000E61C8 /* Debug */ = {
			isa = XCBuildConfiguration;
			buildSettings = {
				ALWAYS_SEARCH_USER_PATHS = NO;
				CLANG_ANALYZER_NONNULL = YES;
				CLANG_ANALYZER_NUMBER_OBJECT_CONVERSION = YES_AGGRESSIVE;
				CLANG_CXX_LANGUAGE_STANDARD = "gnu++14";
				CLANG_CXX_LIBRARY = "libc++";
				CLANG_ENABLE_MODULES = YES;
				CLANG_ENABLE_OBJC_ARC = YES;
				CLANG_ENABLE_OBJC_WEAK = YES;
				CLANG_WARN_BLOCK_CAPTURE_AUTORELEASING = YES;
				CLANG_WARN_BOOL_CONVERSION = YES;
				CLANG_WARN_COMMA = YES;
				CLANG_WARN_CONSTANT_CONVERSION = YES;
				CLANG_WARN_DEPRECATED_OBJC_IMPLEMENTATIONS = YES;
				CLANG_WARN_DIRECT_OBJC_ISA_USAGE = YES_ERROR;
				CLANG_WARN_DOCUMENTATION_COMMENTS = YES;
				CLANG_WARN_EMPTY_BODY = YES;
				CLANG_WARN_ENUM_CONVERSION = YES;
				CLANG_WARN_INFINITE_RECURSION = YES;
				CLANG_WARN_INT_CONVERSION = YES;
				CLANG_WARN_NON_LITERAL_NULL_CONVERSION = YES;
				CLANG_WARN_OBJC_IMPLICIT_RETAIN_SELF = YES;
				CLANG_WARN_OBJC_LITERAL_CONVERSION = YES;
				CLANG_WARN_OBJC_ROOT_CLASS = YES_ERROR;
				CLANG_WARN_RANGE_LOOP_ANALYSIS = YES;
				CLANG_WARN_STRICT_PROTOTYPES = YES;
				CLANG_WARN_SUSPICIOUS_MOVE = YES;
				CLANG_WARN_UNGUARDED_AVAILABILITY = YES_AGGRESSIVE;
				CLANG_WARN_UNREACHABLE_CODE = YES;
				CLANG_WARN__DUPLICATE_METHOD_MATCH = YES;
				CODE_SIGN_IDENTITY = "iPhone Developer";
				COPY_PHASE_STRIP = NO;
				DEBUG_INFORMATION_FORMAT = dwarf;
				ENABLE_STRICT_OBJC_MSGSEND = YES;
				ENABLE_TESTABILITY = YES;
				GCC_C_LANGUAGE_STANDARD = gnu11;
				GCC_DYNAMIC_NO_PIC = NO;
				GCC_NO_COMMON_BLOCKS = YES;
				GCC_OPTIMIZATION_LEVEL = 0;
				GCC_PREPROCESSOR_DEFINITIONS = (
					"DEBUG=1",
					"$(inherited)",
				);
				GCC_WARN_64_TO_32_BIT_CONVERSION = YES;
				GCC_WARN_ABOUT_RETURN_TYPE = YES_ERROR;
				GCC_WARN_UNDECLARED_SELECTOR = YES;
				GCC_WARN_UNINITIALIZED_AUTOS = YES_AGGRESSIVE;
				GCC_WARN_UNUSED_FUNCTION = YES;
				GCC_WARN_UNUSED_VARIABLE = YES;
				IPHONEOS_DEPLOYMENT_TARGET = 11.3;
				MTL_ENABLE_DEBUG_INFO = YES;
				ONLY_ACTIVE_ARCH = YES;
				SDKROOT = iphoneos;
				SWIFT_ACTIVE_COMPILATION_CONDITIONS = DEBUG;
				SWIFT_OPTIMIZATION_LEVEL = "-Onone";
			};
			name = Debug;
		};
		836CD37420BFF346000E61C8 /* Release */ = {
			isa = XCBuildConfiguration;
			buildSettings = {
				ALWAYS_SEARCH_USER_PATHS = NO;
				CLANG_ANALYZER_NONNULL = YES;
				CLANG_ANALYZER_NUMBER_OBJECT_CONVERSION = YES_AGGRESSIVE;
				CLANG_CXX_LANGUAGE_STANDARD = "gnu++14";
				CLANG_CXX_LIBRARY = "libc++";
				CLANG_ENABLE_MODULES = YES;
				CLANG_ENABLE_OBJC_ARC = YES;
				CLANG_ENABLE_OBJC_WEAK = YES;
				CLANG_WARN_BLOCK_CAPTURE_AUTORELEASING = YES;
				CLANG_WARN_BOOL_CONVERSION = YES;
				CLANG_WARN_COMMA = YES;
				CLANG_WARN_CONSTANT_CONVERSION = YES;
				CLANG_WARN_DEPRECATED_OBJC_IMPLEMENTATIONS = YES;
				CLANG_WARN_DIRECT_OBJC_ISA_USAGE = YES_ERROR;
				CLANG_WARN_DOCUMENTATION_COMMENTS = YES;
				CLANG_WARN_EMPTY_BODY = YES;
				CLANG_WARN_ENUM_CONVERSION = YES;
				CLANG_WARN_INFINITE_RECURSION = YES;
				CLANG_WARN_INT_CONVERSION = YES;
				CLANG_WARN_NON_LITERAL_NULL_CONVERSION = YES;
				CLANG_WARN_OBJC_IMPLICIT_RETAIN_SELF = YES;
				CLANG_WARN_OBJC_LITERAL_CONVERSION = YES;
				CLANG_WARN_OBJC_ROOT_CLASS = YES_ERROR;
				CLANG_WARN_RANGE_LOOP_ANALYSIS = YES;
				CLANG_WARN_STRICT_PROTOTYPES = YES;
				CLANG_WARN_SUSPICIOUS_MOVE = YES;
				CLANG_WARN_UNGUARDED_AVAILABILITY = YES_AGGRESSIVE;
				CLANG_WARN_UNREACHABLE_CODE = YES;
				CLANG_WARN__DUPLICATE_METHOD_MATCH = YES;
				CODE_SIGN_IDENTITY = "iPhone Developer";
				COPY_PHASE_STRIP = NO;
				DEBUG_INFORMATION_FORMAT = "dwarf-with-dsym";
				ENABLE_NS_ASSERTIONS = NO;
				ENABLE_STRICT_OBJC_MSGSEND = YES;
				GCC_C_LANGUAGE_STANDARD = gnu11;
				GCC_NO_COMMON_BLOCKS = YES;
				GCC_WARN_64_TO_32_BIT_CONVERSION = YES;
				GCC_WARN_ABOUT_RETURN_TYPE = YES_ERROR;
				GCC_WARN_UNDECLARED_SELECTOR = YES;
				GCC_WARN_UNINITIALIZED_AUTOS = YES_AGGRESSIVE;
				GCC_WARN_UNUSED_FUNCTION = YES;
				GCC_WARN_UNUSED_VARIABLE = YES;
				IPHONEOS_DEPLOYMENT_TARGET = 11.3;
				MTL_ENABLE_DEBUG_INFO = NO;
				SDKROOT = iphoneos;
				SWIFT_COMPILATION_MODE = wholemodule;
				SWIFT_OPTIMIZATION_LEVEL = "-O";
				VALIDATE_PRODUCT = YES;
			};
			name = Release;
		};
		836CD37620BFF346000E61C8 /* Debug */ = {
			isa = XCBuildConfiguration;
			buildSettings = {
				ASSETCATALOG_COMPILER_APPICON_NAME = AppIcon;
				CODE_SIGN_STYLE = Automatic;
				INFOPLIST_FILE = OceApp/Info.plist;
				LD_RUNPATH_SEARCH_PATHS = (
					"$(inherited)",
					"@executable_path/Frameworks",
				);
				PRODUCT_BUNDLE_IDENTIFIER = "Fontys-University.OceApp";
				PRODUCT_NAME = "$(TARGET_NAME)";
				SWIFT_VERSION = 4.0;
				TARGETED_DEVICE_FAMILY = "1,2";
			};
			name = Debug;
		};
		836CD37720BFF346000E61C8 /* Release */ = {
			isa = XCBuildConfiguration;
			buildSettings = {
				ASSETCATALOG_COMPILER_APPICON_NAME = AppIcon;
				CODE_SIGN_STYLE = Automatic;
				INFOPLIST_FILE = OceApp/Info.plist;
				LD_RUNPATH_SEARCH_PATHS = (
					"$(inherited)",
					"@executable_path/Frameworks",
				);
				PRODUCT_BUNDLE_IDENTIFIER = "Fontys-University.OceApp";
				PRODUCT_NAME = "$(TARGET_NAME)";
				SWIFT_VERSION = 4.0;
				TARGETED_DEVICE_FAMILY = "1,2";
			};
			name = Release;
		};
/* End XCBuildConfiguration section */

/* Begin XCConfigurationList section */
		836CD35C20BFF345000E61C8 /* Build configuration list for PBXProject "OceApp" */ = {
			isa = XCConfigurationList;
			buildConfigurations = (
				836CD37320BFF346000E61C8 /* Debug */,
				836CD37420BFF346000E61C8 /* Release */,
			);
			defaultConfigurationIsVisible = 0;
			defaultConfigurationName = Release;
		};
		836CD37520BFF346000E61C8 /* Build configuration list for PBXNativeTarget "OceApp" */ = {
			isa = XCConfigurationList;
			buildConfigurations = (
				836CD37620BFF346000E61C8 /* Debug */,
				836CD37720BFF346000E61C8 /* Release */,
			);
			defaultConfigurationIsVisible = 0;
			defaultConfigurationName = Release;
		};
/* End XCConfigurationList section */
	};
	rootObject = 836CD35920BFF345000E61C8 /* Project object */;
}
